
Microsoft Visual Studio Solution File, Format Version 12.00
# Visual Studio 15
VisualStudioVersion = 15.0.28307.271
MinimumVisualStudioVersion = 10.0.40219.1
Project("{FAE04EC0-301F-11D3-BF4B-00C04F79EFBC}") = "ConsoleIO", "ConsoleIO\ConsoleIO.csproj", "{350EC1CF-E321-424C-BDF4-7E143AEB8211}"
EndProject
Global
	GlobalSection(SolutionConfigurationPlatforms) = preSolution
		Debug|Any CPU = Debug|Any CPU
		Release|Any CPU = Release|Any CPU
	EndGlobalSection
	GlobalSection(ProjectConfigurationPlatforms) = postSolution
		{350EC1CF-E321-424C-BDF4-7E143AEB8211}.Debug|Any CPU.ActiveCfg = Debug|Any CPU
		{350EC1CF-E321-424C-BDF4-7E143AEB8211}.Debug|Any CPU.Build.0 = Debug|Any CPU
		{350EC1CF-E321-424C-BDF4-7E143AEB8211}.Release|Any CPU.ActiveCfg = Release|Any CPU
		{350EC1CF-E321-424C-BDF4-7E143AEB8211}.Release|Any CPU.Build.0 = Release|Any CPU
	EndGlobalSection
	GlobalSection(SolutionProperties) = preSolution
		HideSolutionNode = FALSE
	EndGlobalSection
	GlobalSection(ExtensibilityGlobals) = postSolution
		SolutionGuid = {FB18B1EA-A828-4DAF-B621-0C2BE8A14D08}
	EndGlobalSection
EndGlobal
